
Microsoft Visual Studio Solution File, Format Version 12.00
# Visual Studio Version 17
VisualStudioVersion = 17.5.002.0
MinimumVisualStudioVersion = 10.0.40219.1
Project("{9A19103F-16F7-4668-BE54-9A1E7A4F7556}") = "Vlvt", "Vlvt.csproj", "{B405CE83-2FCE-4E93-A017-AD5B0AC9FE7C}"
EndProject
Global
	GlobalSection(SolutionConfigurationPlatforms) = preSolution
		Debug|Any CPU = Debug|Any CPU
		Release|Any CPU = Release|Any CPU
	EndGlobalSection
	GlobalSection(ProjectConfigurationPlatforms) = postSolution
		{B405CE83-2FCE-4E93-A017-AD5B0AC9FE7C}.Debug|Any CPU.ActiveCfg = Debug|Any CPU
		{B405CE83-2FCE-4E93-A017-AD5B0AC9FE7C}.Debug|Any CPU.Build.0 = Debug|Any CPU
		{B405CE83-2FCE-4E93-A017-AD5B0AC9FE7C}.Release|Any CPU.ActiveCfg = Release|Any CPU
		{B405CE83-2FCE-4E93-A017-AD5B0AC9FE7C}.Release|Any CPU.Build.0 = Release|Any CPU
	EndGlobalSection
	GlobalSection(SolutionProperties) = preSolution
		HideSolutionNode = FALSE
	EndGlobalSection
	GlobalSection(ExtensibilityGlobals) = postSolution
		SolutionGuid = {62845FDE-4777-40B0-9802-1E7810F834B6}
	EndGlobalSection
EndGlobal
